// !$*UTF8*$!
{
	archiveVersion = 1;
	classes = {
	};
	objectVersion = 56;
	objects = {

/* Begin PBXBuildFile section */
		041218802B866882003A33E5 /* BoardView.swift in Sources */ = {isa = PBXBuildFile; fileRef = 0412187F2B866882003A33E5 /* BoardView.swift */; };
		041CB6492B9D4A7A00BCA97F /* WorshipAudioClip.mov in Resources */ = {isa = PBXBuildFile; fileRef = 041CB6472B9D4A7A00BCA97F /* WorshipAudioClip.mov */; };
		041CB64A2B9D4A7A00BCA97F /* WorshipVideoClip.mp4 in Resources */ = {isa = PBXBuildFile; fileRef = 041CB6482B9D4A7A00BCA97F /* WorshipVideoClip.mp4 */; };
		041CB64C2B9D4C1B00BCA97F /* WorshipViewModel.swift in Sources */ = {isa = PBXBuildFile; fileRef = 041CB64B2B9D4C1B00BCA97F /* WorshipViewModel.swift */; };
		041CB64E2B9D4C9F00BCA97F /* WorshipAudio.swift in Sources */ = {isa = PBXBuildFile; fileRef = 041CB64D2B9D4C9F00BCA97F /* WorshipAudio.swift */; };
		041CB6502B9D4CB500BCA97F /* WorshipVideo.swift in Sources */ = {isa = PBXBuildFile; fileRef = 041CB64F2B9D4CB500BCA97F /* WorshipVideo.swift */; };
		042080052B82E9D1009B84B6 /* jubo0211.pdf in Resources */ = {isa = PBXBuildFile; fileRef = 042080042B82E9D1009B84B6 /* jubo0211.pdf */; };
		042080072B82EACF009B84B6 /* jubo0204.pdf in Resources */ = {isa = PBXBuildFile; fileRef = 042080062B82EACF009B84B6 /* jubo0204.pdf */; };
		042080092B82EAE8009B84B6 /* jubo0128.pdf in Resources */ = {isa = PBXBuildFile; fileRef = 042080082B82EAE8009B84B6 /* jubo0128.pdf */; };
		0420800B2B82EB0B009B84B6 /* jubo0121.pdf in Resources */ = {isa = PBXBuildFile; fileRef = 0420800A2B82EB0B009B84B6 /* jubo0121.pdf */; };
		0420800D2B82EB20009B84B6 /* jubo0114.pdf in Resources */ = {isa = PBXBuildFile; fileRef = 0420800C2B82EB20009B84B6 /* jubo0114.pdf */; };
		0420800F2B82EB37009B84B6 /* jubo0107.pdf in Resources */ = {isa = PBXBuildFile; fileRef = 0420800E2B82EB37009B84B6 /* jubo0107.pdf */; };
		0421AE382B9022C800BBC044 /* FileManager.swift in Sources */ = {isa = PBXBuildFile; fileRef = 0421AE372B9022C800BBC044 /* FileManager.swift */; };
		047824282B8D86EA0037CBF3 /* BoardDetailView.swift in Sources */ = {isa = PBXBuildFile; fileRef = 047824272B8D86EA0037CBF3 /* BoardDetailView.swift */; };
		0479AC4B2B88086100E6DA61 /* BoardViewModel.swift in Sources */ = {isa = PBXBuildFile; fileRef = 0479AC4A2B88086100E6DA61 /* BoardViewModel.swift */; };
		0479AC4D2B8808EC00E6DA61 /* BoardDetail.swift in Sources */ = {isa = PBXBuildFile; fileRef = 0479AC4C2B8808EC00E6DA61 /* BoardDetail.swift */; };
		048261112B75D8FD000E3441 /* BoardType.swift in Sources */ = {isa = PBXBuildFile; fileRef = 048261102B75D8FD000E3441 /* BoardType.swift */; };
		0486A9212B68925D00C2C935 /* ContentView.swift in Sources */ = {isa = PBXBuildFile; fileRef = 0486A9042B68925D00C2C935 /* ContentView.swift */; };
		0486A9222B68925D00C2C935 /* Employee.swift in Sources */ = {isa = PBXBuildFile; fileRef = 0486A9062B68925D00C2C935 /* Employee.swift */; };
		0486A9242B68925D00C2C935 /* CGFloat.swift in Sources */ = {isa = PBXBuildFile; fileRef = 0486A90B2B68925D00C2C935 /* CGFloat.swift */; };
		0486A9252B68925D00C2C935 /* Font.swift in Sources */ = {isa = PBXBuildFile; fileRef = 0486A90C2B68925D00C2C935 /* Font.swift */; };
		0486A9262B68925D00C2C935 /* SplashViewModel.swift in Sources */ = {isa = PBXBuildFile; fileRef = 0486A90F2B68925D00C2C935 /* SplashViewModel.swift */; };
		0486A9272B68925D00C2C935 /* SplashView.swift in Sources */ = {isa = PBXBuildFile; fileRef = 0486A9102B68925D00C2C935 /* SplashView.swift */; };
		0486A9282B68925D00C2C935 /* ContactView.swift in Sources */ = {isa = PBXBuildFile; fileRef = 0486A9122B68925D00C2C935 /* ContactView.swift */; };
		0486A9292B68925D00C2C935 /* BoardListView.swift in Sources */ = {isa = PBXBuildFile; fileRef = 0486A9142B68925D00C2C935 /* BoardListView.swift */; };
		0486A92A2B68925D00C2C935 /* PrayerView.swift in Sources */ = {isa = PBXBuildFile; fileRef = 0486A9162B68925D00C2C935 /* PrayerView.swift */; };
		0486A92B2B68925D00C2C935 /* WorshipView.swift in Sources */ = {isa = PBXBuildFile; fileRef = 0486A9182B68925D00C2C935 /* WorshipView.swift */; };
		0486A92C2B68925D00C2C935 /* MainTabView.swift in Sources */ = {isa = PBXBuildFile; fileRef = 0486A91A2B68925D00C2C935 /* MainTabView.swift */; };
		0486A92D2B68925D00C2C935 /* OfferingView.swift in Sources */ = {isa = PBXBuildFile; fileRef = 0486A91C2B68925D00C2C935 /* OfferingView.swift */; };
		0486A92E2B68925D00C2C935 /* BulletinView.swift in Sources */ = {isa = PBXBuildFile; fileRef = 0486A91E2B68925D00C2C935 /* BulletinView.swift */; };
		0486A92F2B68925D00C2C935 /* ECCApp.swift in Sources */ = {isa = PBXBuildFile; fileRef = 0486A91F2B68925D00C2C935 /* ECCApp.swift */; };
		0486A9302B68925D00C2C935 /* Assets.xcassets in Resources */ = {isa = PBXBuildFile; fileRef = 0486A9202B68925D00C2C935 /* Assets.xcassets */; };
		0486A9322B68991600C2C935 /* BoardListViewModel.swift in Sources */ = {isa = PBXBuildFile; fileRef = 0486A9312B68991600C2C935 /* BoardListViewModel.swift */; };
		0486A9352B68994B00C2C935 /* InformationView.swift in Sources */ = {isa = PBXBuildFile; fileRef = 0486A9342B68994B00C2C935 /* InformationView.swift */; };
		0486A9372B689A0100C2C935 /* Information.swift in Sources */ = {isa = PBXBuildFile; fileRef = 0486A9362B689A0100C2C935 /* Information.swift */; };
		0486A9392B689DFA00C2C935 /* BoardKind.swift in Sources */ = {isa = PBXBuildFile; fileRef = 0486A9382B689DFA00C2C935 /* BoardKind.swift */; };
		04974DE72B9D61E400C36594 /* Board_OldAdults.json in Resources */ = {isa = PBXBuildFile; fileRef = 045E86A72B8BF36E00239EF9 /* Board_OldAdults.json */; };
		04974DE82B9D61E700C36594 /* Board_YoungAdults.json in Resources */ = {isa = PBXBuildFile; fileRef = 045E86A42B8BF2C700239EF9 /* Board_YoungAdults.json */; };
		04974DE92B9D61FA00C36594 /* Board_Youth.json in Resources */ = {isa = PBXBuildFile; fileRef = 045E86A32B8BF18A00239EF9 /* Board_Youth.json */; };
		04974DEA2B9D61FD00C36594 /* Board_Kids.json in Resources */ = {isa = PBXBuildFile; fileRef = 045E86A12B8BEF6A00239EF9 /* Board_Kids.json */; };
		04974DEB2B9D61FF00C36594 /* Board_Kindergarten.json in Resources */ = {isa = PBXBuildFile; fileRef = 045E86A02B8BED9200239EF9 /* Board_Kindergarten.json */; };
		0497F9B52B818470007003E1 /* MainView.swift in Sources */ = {isa = PBXBuildFile; fileRef = 0497F9B42B818470007003E1 /* MainView.swift */; };
		0497F9B72B81864D007003E1 /* MainViewModel.swift in Sources */ = {isa = PBXBuildFile; fileRef = 0497F9B62B81864D007003E1 /* MainViewModel.swift */; };
		0497F9B92B81880F007003E1 /* MainSubMenu.swift in Sources */ = {isa = PBXBuildFile; fileRef = 0497F9B82B81880F007003E1 /* MainSubMenu.swift */; };
		0497F9BB2B81B831007003E1 /* jubo0218.pdf in Resources */ = {isa = PBXBuildFile; fileRef = 0497F9BA2B81B831007003E1 /* jubo0218.pdf */; };
		0497F9BE2B8563DB007003E1 /* ContactViewModel.swift in Sources */ = {isa = PBXBuildFile; fileRef = 0497F9BD2B8563DB007003E1 /* ContactViewModel.swift */; };
		0497F9C12B856E5D007003E1 /* Banner.swift in Sources */ = {isa = PBXBuildFile; fileRef = 0497F9C02B856E5D007003E1 /* Banner.swift */; };
		0497F9C32B856EB1007003E1 /* OfferingViewModel.swift in Sources */ = {isa = PBXBuildFile; fileRef = 0497F9C22B856EB1007003E1 /* OfferingViewModel.swift */; };
		0497F9C52B85B324007003E1 /* OldAdultsType.swift in Sources */ = {isa = PBXBuildFile; fileRef = 0497F9C42B85B324007003E1 /* OldAdultsType.swift */; };
		04CAE1562B4A3BA40065A257 /* ECCApp.swift in Sources */ = {isa = PBXBuildFile; fileRef = 04CAE1552B4A3BA40065A257 /* ECCApp.swift */; };
		04CAE1582B4A3BA40065A257 /* ContentView.swift in Sources */ = {isa = PBXBuildFile; fileRef = 04CAE1572B4A3BA40065A257 /* ContentView.swift */; };
		04CAE15A2B4A3BA40065A257 /* Assets.xcassets in Resources */ = {isa = PBXBuildFile; fileRef = 04CAE1592B4A3BA40065A257 /* Assets.xcassets */; };
		04CAE15D2B4A3BA40065A257 /* Preview Assets.xcassets in Resources */ = {isa = PBXBuildFile; fileRef = 04CAE15C2B4A3BA40065A257 /* Preview Assets.xcassets */; };
		04D3CBDE2B82B62A00BD3D4F /* PDFKitView.swift in Sources */ = {isa = PBXBuildFile; fileRef = 04D3CBDD2B82B62A00BD3D4F /* PDFKitView.swift */; };
		04D3CBE02B82C0A600BD3D4F /* BulletinViewModel.swift in Sources */ = {isa = PBXBuildFile; fileRef = 04D3CBDF2B82C0A600BD3D4F /* BulletinViewModel.swift */; };
		04D3CBE22B82C10600BD3D4F /* Bulletin.swift in Sources */ = {isa = PBXBuildFile; fileRef = 04D3CBE12B82C10600BD3D4F /* Bulletin.swift */; };
/* End PBXBuildFile section */

/* Begin PBXFileReference section */
		0412187F2B866882003A33E5 /* BoardView.swift */ = {isa = PBXFileReference; lastKnownFileType = sourcecode.swift; path = BoardView.swift; sourceTree = "<group>"; };
		041CB6472B9D4A7A00BCA97F /* WorshipAudioClip.mov */ = {isa = PBXFileReference; lastKnownFileType = video.quicktime; path = WorshipAudioClip.mov; sourceTree = "<group>"; };
		041CB6482B9D4A7A00BCA97F /* WorshipVideoClip.mp4 */ = {isa = PBXFileReference; lastKnownFileType = file; path = WorshipVideoClip.mp4; sourceTree = "<group>"; };
		041CB64B2B9D4C1B00BCA97F /* WorshipViewModel.swift */ = {isa = PBXFileReference; lastKnownFileType = sourcecode.swift; path = WorshipViewModel.swift; sourceTree = "<group>"; };
		041CB64D2B9D4C9F00BCA97F /* WorshipAudio.swift */ = {isa = PBXFileReference; lastKnownFileType = sourcecode.swift; path = WorshipAudio.swift; sourceTree = "<group>"; };
		041CB64F2B9D4CB500BCA97F /* WorshipVideo.swift */ = {isa = PBXFileReference; lastKnownFileType = sourcecode.swift; path = WorshipVideo.swift; sourceTree = "<group>"; };
		042080042B82E9D1009B84B6 /* jubo0211.pdf */ = {isa = PBXFileReference; lastKnownFileType = image.pdf; path = jubo0211.pdf; sourceTree = "<group>"; };
		042080062B82EACF009B84B6 /* jubo0204.pdf */ = {isa = PBXFileReference; lastKnownFileType = image.pdf; path = jubo0204.pdf; sourceTree = "<group>"; };
		042080082B82EAE8009B84B6 /* jubo0128.pdf */ = {isa = PBXFileReference; lastKnownFileType = image.pdf; path = jubo0128.pdf; sourceTree = "<group>"; };
		0420800A2B82EB0B009B84B6 /* jubo0121.pdf */ = {isa = PBXFileReference; lastKnownFileType = image.pdf; path = jubo0121.pdf; sourceTree = "<group>"; };
		0420800C2B82EB20009B84B6 /* jubo0114.pdf */ = {isa = PBXFileReference; lastKnownFileType = image.pdf; path = jubo0114.pdf; sourceTree = "<group>"; };
		0420800E2B82EB37009B84B6 /* jubo0107.pdf */ = {isa = PBXFileReference; lastKnownFileType = image.pdf; path = jubo0107.pdf; sourceTree = "<group>"; };
		0421AE372B9022C800BBC044 /* FileManager.swift */ = {isa = PBXFileReference; lastKnownFileType = sourcecode.swift; path = FileManager.swift; sourceTree = "<group>"; };
		045E86A02B8BED9200239EF9 /* Board_Kindergarten.json */ = {isa = PBXFileReference; lastKnownFileType = text.json; path = Board_Kindergarten.json; sourceTree = "<group>"; };
		045E86A12B8BEF6A00239EF9 /* Board_Kids.json */ = {isa = PBXFileReference; lastKnownFileType = text.json; path = Board_Kids.json; sourceTree = "<group>"; };
		045E86A32B8BF18A00239EF9 /* Board_Youth.json */ = {isa = PBXFileReference; lastKnownFileType = text.json; path = Board_Youth.json; sourceTree = "<group>"; };
		045E86A42B8BF2C700239EF9 /* Board_YoungAdults.json */ = {isa = PBXFileReference; lastKnownFileType = text.json; path = Board_YoungAdults.json; sourceTree = "<group>"; };
		045E86A72B8BF36E00239EF9 /* Board_OldAdults.json */ = {isa = PBXFileReference; lastKnownFileType = text.json; path = Board_OldAdults.json; sourceTree = "<group>"; };
		047824272B8D86EA0037CBF3 /* BoardDetailView.swift */ = {isa = PBXFileReference; lastKnownFileType = sourcecode.swift; path = BoardDetailView.swift; sourceTree = "<group>"; };
		0479AC4A2B88086100E6DA61 /* BoardViewModel.swift */ = {isa = PBXFileReference; lastKnownFileType = sourcecode.swift; path = BoardViewModel.swift; sourceTree = "<group>"; };
		0479AC4C2B8808EC00E6DA61 /* BoardDetail.swift */ = {isa = PBXFileReference; lastKnownFileType = sourcecode.swift; path = BoardDetail.swift; sourceTree = "<group>"; };
		048261102B75D8FD000E3441 /* BoardType.swift */ = {isa = PBXFileReference; lastKnownFileType = sourcecode.swift; path = BoardType.swift; sourceTree = "<group>"; };
		0486A9042B68925D00C2C935 /* ContentView.swift */ = {isa = PBXFileReference; fileEncoding = 4; lastKnownFileType = sourcecode.swift; name = ContentView.swift; path = ECC/ContentView.swift; sourceTree = SOURCE_ROOT; };
		0486A9062B68925D00C2C935 /* Employee.swift */ = {isa = PBXFileReference; fileEncoding = 4; lastKnownFileType = sourcecode.swift; path = Employee.swift; sourceTree = "<group>"; };
		0486A90B2B68925D00C2C935 /* CGFloat.swift */ = {isa = PBXFileReference; fileEncoding = 4; lastKnownFileType = sourcecode.swift; path = CGFloat.swift; sourceTree = "<group>"; };
		0486A90C2B68925D00C2C935 /* Font.swift */ = {isa = PBXFileReference; fileEncoding = 4; lastKnownFileType = sourcecode.swift; path = Font.swift; sourceTree = "<group>"; };
		0486A90F2B68925D00C2C935 /* SplashViewModel.swift */ = {isa = PBXFileReference; fileEncoding = 4; lastKnownFileType = sourcecode.swift; path = SplashViewModel.swift; sourceTree = "<group>"; };
		0486A9102B68925D00C2C935 /* SplashView.swift */ = {isa = PBXFileReference; fileEncoding = 4; lastKnownFileType = sourcecode.swift; path = SplashView.swift; sourceTree = "<group>"; };
		0486A9122B68925D00C2C935 /* ContactView.swift */ = {isa = PBXFileReference; fileEncoding = 4; lastKnownFileType = sourcecode.swift; path = ContactView.swift; sourceTree = "<group>"; };
		0486A9142B68925D00C2C935 /* BoardListView.swift */ = {isa = PBXFileReference; fileEncoding = 4; lastKnownFileType = sourcecode.swift; path = BoardListView.swift; sourceTree = "<group>"; };
		0486A9162B68925D00C2C935 /* PrayerView.swift */ = {isa = PBXFileReference; fileEncoding = 4; lastKnownFileType = sourcecode.swift; path = PrayerView.swift; sourceTree = "<group>"; };
		0486A9182B68925D00C2C935 /* WorshipView.swift */ = {isa = PBXFileReference; fileEncoding = 4; lastKnownFileType = sourcecode.swift; path = WorshipView.swift; sourceTree = "<group>"; };
		0486A91A2B68925D00C2C935 /* MainTabView.swift */ = {isa = PBXFileReference; fileEncoding = 4; lastKnownFileType = sourcecode.swift; path = MainTabView.swift; sourceTree = "<group>"; };
		0486A91C2B68925D00C2C935 /* OfferingView.swift */ = {isa = PBXFileReference; fileEncoding = 4; lastKnownFileType = sourcecode.swift; path = OfferingView.swift; sourceTree = "<group>"; };
		0486A91E2B68925D00C2C935 /* BulletinView.swift */ = {isa = PBXFileReference; fileEncoding = 4; lastKnownFileType = sourcecode.swift; path = BulletinView.swift; sourceTree = "<group>"; };
		0486A91F2B68925D00C2C935 /* ECCApp.swift */ = {isa = PBXFileReference; fileEncoding = 4; lastKnownFileType = sourcecode.swift; name = ECCApp.swift; path = ECC/ECCApp.swift; sourceTree = SOURCE_ROOT; };
		0486A9202B68925D00C2C935 /* Assets.xcassets */ = {isa = PBXFileReference; lastKnownFileType = folder.assetcatalog; name = Assets.xcassets; path = ECC/Assets.xcassets; sourceTree = SOURCE_ROOT; };
		0486A9312B68991600C2C935 /* BoardListViewModel.swift */ = {isa = PBXFileReference; lastKnownFileType = sourcecode.swift; path = BoardListViewModel.swift; sourceTree = "<group>"; };
		0486A9342B68994B00C2C935 /* InformationView.swift */ = {isa = PBXFileReference; lastKnownFileType = sourcecode.swift; path = InformationView.swift; sourceTree = "<group>"; };
		0486A9362B689A0100C2C935 /* Information.swift */ = {isa = PBXFileReference; lastKnownFileType = sourcecode.swift; path = Information.swift; sourceTree = "<group>"; };
		0486A9382B689DFA00C2C935 /* BoardKind.swift */ = {isa = PBXFileReference; lastKnownFileType = sourcecode.swift; path = BoardKind.swift; sourceTree = "<group>"; };
		0497F9B42B818470007003E1 /* MainView.swift */ = {isa = PBXFileReference; lastKnownFileType = sourcecode.swift; path = MainView.swift; sourceTree = "<group>"; };
		0497F9B62B81864D007003E1 /* MainViewModel.swift */ = {isa = PBXFileReference; lastKnownFileType = sourcecode.swift; path = MainViewModel.swift; sourceTree = "<group>"; };
		0497F9B82B81880F007003E1 /* MainSubMenu.swift */ = {isa = PBXFileReference; lastKnownFileType = sourcecode.swift; path = MainSubMenu.swift; sourceTree = "<group>"; };
		0497F9BA2B81B831007003E1 /* jubo0218.pdf */ = {isa = PBXFileReference; lastKnownFileType = image.pdf; path = jubo0218.pdf; sourceTree = "<group>"; };
		0497F9BD2B8563DB007003E1 /* ContactViewModel.swift */ = {isa = PBXFileReference; lastKnownFileType = sourcecode.swift; path = ContactViewModel.swift; sourceTree = "<group>"; };
		0497F9C02B856E5D007003E1 /* Banner.swift */ = {isa = PBXFileReference; lastKnownFileType = sourcecode.swift; path = Banner.swift; sourceTree = "<group>"; };
		0497F9C22B856EB1007003E1 /* OfferingViewModel.swift */ = {isa = PBXFileReference; lastKnownFileType = sourcecode.swift; path = OfferingViewModel.swift; sourceTree = "<group>"; };
		0497F9C42B85B324007003E1 /* OldAdultsType.swift */ = {isa = PBXFileReference; lastKnownFileType = sourcecode.swift; path = OldAdultsType.swift; sourceTree = "<group>"; };
		04CAE1522B4A3BA40065A257 /* ECC.app */ = {isa = PBXFileReference; explicitFileType = wrapper.application; includeInIndex = 0; path = ECC.app; sourceTree = BUILT_PRODUCTS_DIR; };
		04CAE1552B4A3BA40065A257 /* ECCApp.swift */ = {isa = PBXFileReference; lastKnownFileType = sourcecode.swift; path = ECCApp.swift; sourceTree = "<group>"; };
		04CAE1572B4A3BA40065A257 /* ContentView.swift */ = {isa = PBXFileReference; lastKnownFileType = sourcecode.swift; path = ContentView.swift; sourceTree = "<group>"; };
		04CAE1592B4A3BA40065A257 /* Assets.xcassets */ = {isa = PBXFileReference; lastKnownFileType = folder.assetcatalog; path = Assets.xcassets; sourceTree = "<group>"; };
		04CAE15C2B4A3BA40065A257 /* Preview Assets.xcassets */ = {isa = PBXFileReference; lastKnownFileType = folder.assetcatalog; path = "Preview Assets.xcassets"; sourceTree = "<group>"; };
		04D3CBDD2B82B62A00BD3D4F /* PDFKitView.swift */ = {isa = PBXFileReference; lastKnownFileType = sourcecode.swift; path = PDFKitView.swift; sourceTree = "<group>"; };
		04D3CBDF2B82C0A600BD3D4F /* BulletinViewModel.swift */ = {isa = PBXFileReference; lastKnownFileType = sourcecode.swift; path = BulletinViewModel.swift; sourceTree = "<group>"; };
		04D3CBE12B82C10600BD3D4F /* Bulletin.swift */ = {isa = PBXFileReference; lastKnownFileType = sourcecode.swift; path = Bulletin.swift; sourceTree = "<group>"; };
/* End PBXFileReference section */

/* Begin PBXFrameworksBuildPhase section */
		04CAE14F2B4A3BA40065A257 /* Frameworks */ = {
			isa = PBXFrameworksBuildPhase;
			buildActionMask = 2147483647;
			files = (
			);
			runOnlyForDeploymentPostprocessing = 0;
		};
/* End PBXFrameworksBuildPhase section */

/* Begin PBXGroup section */
		0412187E2B866865003A33E5 /* Board */ = {
			isa = PBXGroup;
			children = (
				0412187F2B866882003A33E5 /* BoardView.swift */,
				0479AC4A2B88086100E6DA61 /* BoardViewModel.swift */,
			);
			path = Board;
			sourceTree = "<group>";
		};
		045E869D2B8BED2500239EF9 /* MockResponses */ = {
			isa = PBXGroup;
			children = (
				045E86A02B8BED9200239EF9 /* Board_Kindergarten.json */,
				045E86A12B8BEF6A00239EF9 /* Board_Kids.json */,
				045E86A32B8BF18A00239EF9 /* Board_Youth.json */,
				045E86A42B8BF2C700239EF9 /* Board_YoungAdults.json */,
				045E86A72B8BF36E00239EF9 /* Board_OldAdults.json */,
			);
			path = MockResponses;
			sourceTree = "<group>";
		};
		047824262B8D86CE0037CBF3 /* BoardDetail */ = {
			isa = PBXGroup;
			children = (
				047824272B8D86EA0037CBF3 /* BoardDetailView.swift */,
			);
			path = BoardDetail;
			sourceTree = "<group>";
		};
		0486A9032B68925D00C2C935 /* Managers */ = {
			isa = PBXGroup;
			children = (
				0421AE372B9022C800BBC044 /* FileManager.swift */,
			);
			name = Managers;
			path = ECC/Managers;
			sourceTree = SOURCE_ROOT;
		};
		0486A9052B68925D00C2C935 /* Model */ = {
			isa = PBXGroup;
			children = (
				0486A93A2B68A64C00C2C935 /* CustomObject */,
				0486A93B2B68A66500C2C935 /* Enum */,
			);
			name = Model;
			path = ECC/Model;
			sourceTree = SOURCE_ROOT;
		};
		0486A9072B68925D00C2C935 /* Preview Content */ = {
			isa = PBXGroup;
			children = (
				04CAE15C2B4A3BA40065A257 /* Preview Assets.xcassets */,
			);
			path = "Preview Content";
			sourceTree = "<group>";
		};
		0486A9092B68925D00C2C935 /* Units */ = {
			isa = PBXGroup;
			children = (
				0486A90A2B68925D00C2C935 /* Extensions */,
			);
			name = Units;
			path = ECC/Units;
			sourceTree = SOURCE_ROOT;
		};
		0486A90A2B68925D00C2C935 /* Extensions */ = {
			isa = PBXGroup;
			children = (
				0486A90B2B68925D00C2C935 /* CGFloat.swift */,
				0486A90C2B68925D00C2C935 /* Font.swift */,
			);
			path = Extensions;
			sourceTree = "<group>";
		};
		0486A90D2B68925D00C2C935 /* Scenes */ = {
			isa = PBXGroup;
			children = (
				0486A90E2B68925D00C2C935 /* Splash */,
				0497F9B32B818450007003E1 /* Main */,
				0486A9192B68925D00C2C935 /* MainTab */,
				0486A9112B68925D00C2C935 /* Contact */,
				0486A9132B68925D00C2C935 /* BoardList */,
				0412187E2B866865003A33E5 /* Board */,
				047824262B8D86CE0037CBF3 /* BoardDetail */,
				0486A9332B68992E00C2C935 /* Information */,
				0486A9152B68925D00C2C935 /* Prayer */,
				0486A9172B68925D00C2C935 /* Worship */,
				0486A91B2B68925D00C2C935 /* Offering */,
				0486A91D2B68925D00C2C935 /* Bulletin */,
			);
			name = Scenes;
			path = ECC/Scenes;
			sourceTree = SOURCE_ROOT;
		};
		0486A90E2B68925D00C2C935 /* Splash */ = {
			isa = PBXGroup;
			children = (
				0486A90F2B68925D00C2C935 /* SplashViewModel.swift */,
				0486A9102B68925D00C2C935 /* SplashView.swift */,
			);
			path = Splash;
			sourceTree = "<group>";
		};
		0486A9112B68925D00C2C935 /* Contact */ = {
			isa = PBXGroup;
			children = (
				0486A9122B68925D00C2C935 /* ContactView.swift */,
				0497F9BD2B8563DB007003E1 /* ContactViewModel.swift */,
			);
			path = Contact;
			sourceTree = "<group>";
		};
		0486A9132B68925D00C2C935 /* BoardList */ = {
			isa = PBXGroup;
			children = (
				0486A9142B68925D00C2C935 /* BoardListView.swift */,
				0486A9312B68991600C2C935 /* BoardListViewModel.swift */,
			);
			path = BoardList;
			sourceTree = "<group>";
		};
		0486A9152B68925D00C2C935 /* Prayer */ = {
			isa = PBXGroup;
			children = (
				0486A9162B68925D00C2C935 /* PrayerView.swift */,
			);
			path = Prayer;
			sourceTree = "<group>";
		};
		0486A9172B68925D00C2C935 /* Worship */ = {
			isa = PBXGroup;
			children = (
				0486A9182B68925D00C2C935 /* WorshipView.swift */,
				041CB64B2B9D4C1B00BCA97F /* WorshipViewModel.swift */,
			);
			path = Worship;
			sourceTree = "<group>";
		};
		0486A9192B68925D00C2C935 /* MainTab */ = {
			isa = PBXGroup;
			children = (
				0486A91A2B68925D00C2C935 /* MainTabView.swift */,
			);
			path = MainTab;
			sourceTree = "<group>";
		};
		0486A91B2B68925D00C2C935 /* Offering */ = {
			isa = PBXGroup;
			children = (
				0486A91C2B68925D00C2C935 /* OfferingView.swift */,
				0497F9C22B856EB1007003E1 /* OfferingViewModel.swift */,
			);
			path = Offering;
			sourceTree = "<group>";
		};
		0486A91D2B68925D00C2C935 /* Bulletin */ = {
			isa = PBXGroup;
			children = (
				0486A91E2B68925D00C2C935 /* BulletinView.swift */,
				04D3CBDF2B82C0A600BD3D4F /* BulletinViewModel.swift */,
				04D3CBDD2B82B62A00BD3D4F /* PDFKitView.swift */,
			);
			path = Bulletin;
			sourceTree = "<group>";
		};
		0486A9332B68992E00C2C935 /* Information */ = {
			isa = PBXGroup;
			children = (
				0486A9342B68994B00C2C935 /* InformationView.swift */,
			);
			path = Information;
			sourceTree = "<group>";
		};
		0486A93A2B68A64C00C2C935 /* CustomObject */ = {
			isa = PBXGroup;
			children = (
				0486A9062B68925D00C2C935 /* Employee.swift */,
				0486A9362B689A0100C2C935 /* Information.swift */,
				0479AC4C2B8808EC00E6DA61 /* BoardDetail.swift */,
				04D3CBE12B82C10600BD3D4F /* Bulletin.swift */,
				041CB64D2B9D4C9F00BCA97F /* WorshipAudio.swift */,
				041CB64F2B9D4CB500BCA97F /* WorshipVideo.swift */,
			);
			path = CustomObject;
			sourceTree = "<group>";
		};
		0486A93B2B68A66500C2C935 /* Enum */ = {
			isa = PBXGroup;
			children = (
				0486A9382B689DFA00C2C935 /* BoardKind.swift */,
				048261102B75D8FD000E3441 /* BoardType.swift */,
				0497F9C42B85B324007003E1 /* OldAdultsType.swift */,
				0497F9B82B81880F007003E1 /* MainSubMenu.swift */,
			);
			path = Enum;
			sourceTree = "<group>";
		};
		0497F9B32B818450007003E1 /* Main */ = {
			isa = PBXGroup;
			children = (
				0497F9B42B818470007003E1 /* MainView.swift */,
				0497F9B62B81864D007003E1 /* MainViewModel.swift */,
			);
			path = Main;
			sourceTree = "<group>";
		};
		0497F9BF2B856E01007003E1 /* UIConponents */ = {
			isa = PBXGroup;
			children = (
				0497F9C02B856E5D007003E1 /* Banner.swift */,
			);
			path = UIConponents;
			sourceTree = "<group>";
		};
		04CAE1492B4A3BA30065A257 = {
			isa = PBXGroup;
			children = (
				04CAE1542B4A3BA40065A257 /* ECC */,
				04CAE1532B4A3BA40065A257 /* Products */,
			);
			sourceTree = "<group>";
		};
		04CAE1532B4A3BA40065A257 /* Products */ = {
			isa = PBXGroup;
			children = (
				04CAE1522B4A3BA40065A257 /* ECC.app */,
			);
			name = Products;
			sourceTree = "<group>";
		};
		04CAE1542B4A3BA40065A257 /* ECC */ = {
			isa = PBXGroup;
			children = (
				045E869D2B8BED2500239EF9 /* MockResponses */,
				041CB6472B9D4A7A00BCA97F /* WorshipAudioClip.mov */,
				041CB6482B9D4A7A00BCA97F /* WorshipVideoClip.mp4 */,
				0497F9BA2B81B831007003E1 /* jubo0218.pdf */,
				042080042B82E9D1009B84B6 /* jubo0211.pdf */,
				042080062B82EACF009B84B6 /* jubo0204.pdf */,
				042080082B82EAE8009B84B6 /* jubo0128.pdf */,
				0420800A2B82EB0B009B84B6 /* jubo0121.pdf */,
				0420800C2B82EB20009B84B6 /* jubo0114.pdf */,
				0420800E2B82EB37009B84B6 /* jubo0107.pdf */,
				0486A9092B68925D00C2C935 /* Units */,
				0486A9032B68925D00C2C935 /* Managers */,
				0486A90D2B68925D00C2C935 /* Scenes */,
				0497F9BF2B856E01007003E1 /* UIConponents */,
				0486A9052B68925D00C2C935 /* Model */,
				0486A9202B68925D00C2C935 /* Assets.xcassets */,
				0486A9042B68925D00C2C935 /* ContentView.swift */,
				0486A91F2B68925D00C2C935 /* ECCApp.swift */,
				0486A9072B68925D00C2C935 /* Preview Content */,
				04CAE1552B4A3BA40065A257 /* ECCApp.swift */,
				04CAE1572B4A3BA40065A257 /* ContentView.swift */,
				04CAE1592B4A3BA40065A257 /* Assets.xcassets */,
			);
			path = ECC;
			sourceTree = "<group>";
		};
/* End PBXGroup section */

/* Begin PBXNativeTarget section */
		04CAE1512B4A3BA40065A257 /* ECC */ = {
			isa = PBXNativeTarget;
			buildConfigurationList = 04CAE1602B4A3BA40065A257 /* Build configuration list for PBXNativeTarget "ECC" */;
			buildPhases = (
				04CAE14E2B4A3BA40065A257 /* Sources */,
				04CAE14F2B4A3BA40065A257 /* Frameworks */,
				04CAE1502B4A3BA40065A257 /* Resources */,
			);
			buildRules = (
			);
			dependencies = (
			);
			name = ECC;
			productName = ECC;
			productReference = 04CAE1522B4A3BA40065A257 /* ECC.app */;
			productType = "com.apple.product-type.application";
		};
/* End PBXNativeTarget section */

/* Begin PBXProject section */
		04CAE14A2B4A3BA30065A257 /* Project object */ = {
			isa = PBXProject;
			attributes = {
				BuildIndependentTargetsInParallel = 1;
				LastSwiftUpdateCheck = 1500;
				LastUpgradeCheck = 1500;
				TargetAttributes = {
					04CAE1512B4A3BA40065A257 = {
						CreatedOnToolsVersion = 15.0.1;
					};
				};
			};
			buildConfigurationList = 04CAE14D2B4A3BA30065A257 /* Build configuration list for PBXProject "ECC" */;
			compatibilityVersion = "Xcode 14.0";
			developmentRegion = en;
			hasScannedForEncodings = 0;
			knownRegions = (
				en,
				Base,
			);
			mainGroup = 04CAE1492B4A3BA30065A257;
			productRefGroup = 04CAE1532B4A3BA40065A257 /* Products */;
			projectDirPath = "";
			projectRoot = "";
			targets = (
				04CAE1512B4A3BA40065A257 /* ECC */,
			);
		};
/* End PBXProject section */

/* Begin PBXResourcesBuildPhase section */
		04CAE1502B4A3BA40065A257 /* Resources */ = {
			isa = PBXResourcesBuildPhase;
			buildActionMask = 2147483647;
			files = (
				042080092B82EAE8009B84B6 /* jubo0128.pdf in Resources */,
				04974DEB2B9D61FF00C36594 /* Board_Kindergarten.json in Resources */,
				0497F9BB2B81B831007003E1 /* jubo0218.pdf in Resources */,
				041CB64A2B9D4A7A00BCA97F /* WorshipVideoClip.mp4 in Resources */,
				04974DE92B9D61FA00C36594 /* Board_Youth.json in Resources */,
				042080072B82EACF009B84B6 /* jubo0204.pdf in Resources */,
				04CAE15D2B4A3BA40065A257 /* Preview Assets.xcassets in Resources */,
				0420800F2B82EB37009B84B6 /* jubo0107.pdf in Resources */,
				0486A9302B68925D00C2C935 /* Assets.xcassets in Resources */,
				04974DE72B9D61E400C36594 /* Board_OldAdults.json in Resources */,
				04974DEA2B9D61FD00C36594 /* Board_Kids.json in Resources */,
				04974DE82B9D61E700C36594 /* Board_YoungAdults.json in Resources */,
				0420800B2B82EB0B009B84B6 /* jubo0121.pdf in Resources */,
				041CB6492B9D4A7A00BCA97F /* WorshipAudioClip.mov in Resources */,
				0420800D2B82EB20009B84B6 /* jubo0114.pdf in Resources */,
				042080052B82E9D1009B84B6 /* jubo0211.pdf in Resources */,
				04CAE15A2B4A3BA40065A257 /* Assets.xcassets in Resources */,
			);
			runOnlyForDeploymentPostprocessing = 0;
		};
/* End PBXResourcesBuildPhase section */

/* Begin PBXSourcesBuildPhase section */
		04CAE14E2B4A3BA40065A257 /* Sources */ = {
			isa = PBXSourcesBuildPhase;
			buildActionMask = 2147483647;
			files = (
				0497F9C12B856E5D007003E1 /* Banner.swift in Sources */,
				0486A92E2B68925D00C2C935 /* BulletinView.swift in Sources */,
				0486A92A2B68925D00C2C935 /* PrayerView.swift in Sources */,
				0486A9282B68925D00C2C935 /* ContactView.swift in Sources */,
				04D3CBE22B82C10600BD3D4F /* Bulletin.swift in Sources */,
				0486A92F2B68925D00C2C935 /* ECCApp.swift in Sources */,
				041218802B866882003A33E5 /* BoardView.swift in Sources */,
				0497F9C32B856EB1007003E1 /* OfferingViewModel.swift in Sources */,
				0486A9392B689DFA00C2C935 /* BoardKind.swift in Sources */,
				0486A9242B68925D00C2C935 /* CGFloat.swift in Sources */,
				0486A9272B68925D00C2C935 /* SplashView.swift in Sources */,
				0497F9B52B818470007003E1 /* MainView.swift in Sources */,
				04CAE1582B4A3BA40065A257 /* ContentView.swift in Sources */,
				041CB64E2B9D4C9F00BCA97F /* WorshipAudio.swift in Sources */,
				0486A9252B68925D00C2C935 /* Font.swift in Sources */,
				0497F9C52B85B324007003E1 /* OldAdultsType.swift in Sources */,
				041CB64C2B9D4C1B00BCA97F /* WorshipViewModel.swift in Sources */,
				0421AE382B9022C800BBC044 /* FileManager.swift in Sources */,
				0486A9262B68925D00C2C935 /* SplashViewModel.swift in Sources */,
				0486A92C2B68925D00C2C935 /* MainTabView.swift in Sources */,
				0486A92D2B68925D00C2C935 /* OfferingView.swift in Sources */,
				04D3CBE02B82C0A600BD3D4F /* BulletinViewModel.swift in Sources */,
				0486A9222B68925D00C2C935 /* Employee.swift in Sources */,
				048261112B75D8FD000E3441 /* BoardType.swift in Sources */,
				0479AC4D2B8808EC00E6DA61 /* BoardDetail.swift in Sources */,
				0486A9372B689A0100C2C935 /* Information.swift in Sources */,
				0486A9292B68925D00C2C935 /* BoardListView.swift in Sources */,
				041CB6502B9D4CB500BCA97F /* WorshipVideo.swift in Sources */,
				04CAE1562B4A3BA40065A257 /* ECCApp.swift in Sources */,
				0486A9322B68991600C2C935 /* BoardListViewModel.swift in Sources */,
				0486A9352B68994B00C2C935 /* InformationView.swift in Sources */,
				0497F9B92B81880F007003E1 /* MainSubMenu.swift in Sources */,
				0486A9212B68925D00C2C935 /* ContentView.swift in Sources */,
				047824282B8D86EA0037CBF3 /* BoardDetailView.swift in Sources */,
				0497F9B72B81864D007003E1 /* MainViewModel.swift in Sources */,
				0497F9BE2B8563DB007003E1 /* ContactViewModel.swift in Sources */,
				04D3CBDE2B82B62A00BD3D4F /* PDFKitView.swift in Sources */,
				0479AC4B2B88086100E6DA61 /* BoardViewModel.swift in Sources */,
				0486A92B2B68925D00C2C935 /* WorshipView.swift in Sources */,
			);
			runOnlyForDeploymentPostprocessing = 0;
		};
/* End PBXSourcesBuildPhase section */

/* Begin XCBuildConfiguration section */
		04CAE15E2B4A3BA40065A257 /* Debug */ = {
			isa = XCBuildConfiguration;
			buildSettings = {
				ALWAYS_SEARCH_USER_PATHS = NO;
				ASSETCATALOG_COMPILER_GENERATE_SWIFT_ASSET_SYMBOL_EXTENSIONS = YES;
				CLANG_ANALYZER_NONNULL = YES;
				CLANG_ANALYZER_NUMBER_OBJECT_CONVERSION = YES_AGGRESSIVE;
				CLANG_CXX_LANGUAGE_STANDARD = "gnu++20";
				CLANG_ENABLE_MODULES = YES;
				CLANG_ENABLE_OBJC_ARC = YES;
				CLANG_ENABLE_OBJC_WEAK = YES;
				CLANG_WARN_BLOCK_CAPTURE_AUTORELEASING = YES;
				CLANG_WARN_BOOL_CONVERSION = YES;
				CLANG_WARN_COMMA = YES;
				CLANG_WARN_CONSTANT_CONVERSION = YES;
				CLANG_WARN_DEPRECATED_OBJC_IMPLEMENTATIONS = YES;
				CLANG_WARN_DIRECT_OBJC_ISA_USAGE = YES_ERROR;
				CLANG_WARN_DOCUMENTATION_COMMENTS = YES;
				CLANG_WARN_EMPTY_BODY = YES;
				CLANG_WARN_ENUM_CONVERSION = YES;
				CLANG_WARN_INFINITE_RECURSION = YES;
				CLANG_WARN_INT_CONVERSION = YES;
				CLANG_WARN_NON_LITERAL_NULL_CONVERSION = YES;
				CLANG_WARN_OBJC_IMPLICIT_RETAIN_SELF = YES;
				CLANG_WARN_OBJC_LITERAL_CONVERSION = YES;
				CLANG_WARN_OBJC_ROOT_CLASS = YES_ERROR;
				CLANG_WARN_QUOTED_INCLUDE_IN_FRAMEWORK_HEADER = YES;
				CLANG_WARN_RANGE_LOOP_ANALYSIS = YES;
				CLANG_WARN_STRICT_PROTOTYPES = YES;
				CLANG_WARN_SUSPICIOUS_MOVE = YES;
				CLANG_WARN_UNGUARDED_AVAILABILITY = YES_AGGRESSIVE;
				CLANG_WARN_UNREACHABLE_CODE = YES;
				CLANG_WARN__DUPLICATE_METHOD_MATCH = YES;
				COPY_PHASE_STRIP = NO;
				DEBUG_INFORMATION_FORMAT = dwarf;
				ENABLE_STRICT_OBJC_MSGSEND = YES;
				ENABLE_TESTABILITY = YES;
				ENABLE_USER_SCRIPT_SANDBOXING = YES;
				GCC_C_LANGUAGE_STANDARD = gnu17;
				GCC_DYNAMIC_NO_PIC = NO;
				GCC_NO_COMMON_BLOCKS = YES;
				GCC_OPTIMIZATION_LEVEL = 0;
				GCC_PREPROCESSOR_DEFINITIONS = (
					"DEBUG=1",
					"$(inherited)",
				);
				GCC_WARN_64_TO_32_BIT_CONVERSION = YES;
				GCC_WARN_ABOUT_RETURN_TYPE = YES_ERROR;
				GCC_WARN_UNDECLARED_SELECTOR = YES;
				GCC_WARN_UNINITIALIZED_AUTOS = YES_AGGRESSIVE;
				GCC_WARN_UNUSED_FUNCTION = YES;
				GCC_WARN_UNUSED_VARIABLE = YES;
				IPHONEOS_DEPLOYMENT_TARGET = 17.0;
				LOCALIZATION_PREFERS_STRING_CATALOGS = YES;
				MTL_ENABLE_DEBUG_INFO = INCLUDE_SOURCE;
				MTL_FAST_MATH = YES;
				ONLY_ACTIVE_ARCH = YES;
				SDKROOT = iphoneos;
				SWIFT_ACTIVE_COMPILATION_CONDITIONS = "DEBUG $(inherited)";
				SWIFT_OPTIMIZATION_LEVEL = "-Onone";
			};
			name = Debug;
		};
		04CAE15F2B4A3BA40065A257 /* Release */ = {
			isa = XCBuildConfiguration;
			buildSettings = {
				ALWAYS_SEARCH_USER_PATHS = NO;
				ASSETCATALOG_COMPILER_GENERATE_SWIFT_ASSET_SYMBOL_EXTENSIONS = YES;
				CLANG_ANALYZER_NONNULL = YES;
				CLANG_ANALYZER_NUMBER_OBJECT_CONVERSION = YES_AGGRESSIVE;
				CLANG_CXX_LANGUAGE_STANDARD = "gnu++20";
				CLANG_ENABLE_MODULES = YES;
				CLANG_ENABLE_OBJC_ARC = YES;
				CLANG_ENABLE_OBJC_WEAK = YES;
				CLANG_WARN_BLOCK_CAPTURE_AUTORELEASING = YES;
				CLANG_WARN_BOOL_CONVERSION = YES;
				CLANG_WARN_COMMA = YES;
				CLANG_WARN_CONSTANT_CONVERSION = YES;
				CLANG_WARN_DEPRECATED_OBJC_IMPLEMENTATIONS = YES;
				CLANG_WARN_DIRECT_OBJC_ISA_USAGE = YES_ERROR;
				CLANG_WARN_DOCUMENTATION_COMMENTS = YES;
				CLANG_WARN_EMPTY_BODY = YES;
				CLANG_WARN_ENUM_CONVERSION = YES;
				CLANG_WARN_INFINITE_RECURSION = YES;
				CLANG_WARN_INT_CONVERSION = YES;
				CLANG_WARN_NON_LITERAL_NULL_CONVERSION = YES;
				CLANG_WARN_OBJC_IMPLICIT_RETAIN_SELF = YES;
				CLANG_WARN_OBJC_LITERAL_CONVERSION = YES;
				CLANG_WARN_OBJC_ROOT_CLASS = YES_ERROR;
				CLANG_WARN_QUOTED_INCLUDE_IN_FRAMEWORK_HEADER = YES;
				CLANG_WARN_RANGE_LOOP_ANALYSIS = YES;
				CLANG_WARN_STRICT_PROTOTYPES = YES;
				CLANG_WARN_SUSPICIOUS_MOVE = YES;
				CLANG_WARN_UNGUARDED_AVAILABILITY = YES_AGGRESSIVE;
				CLANG_WARN_UNREACHABLE_CODE = YES;
				CLANG_WARN__DUPLICATE_METHOD_MATCH = YES;
				COPY_PHASE_STRIP = NO;
				DEBUG_INFORMATION_FORMAT = "dwarf-with-dsym";
				ENABLE_NS_ASSERTIONS = NO;
				ENABLE_STRICT_OBJC_MSGSEND = YES;
				ENABLE_USER_SCRIPT_SANDBOXING = YES;
				GCC_C_LANGUAGE_STANDARD = gnu17;
				GCC_NO_COMMON_BLOCKS = YES;
				GCC_WARN_64_TO_32_BIT_CONVERSION = YES;
				GCC_WARN_ABOUT_RETURN_TYPE = YES_ERROR;
				GCC_WARN_UNDECLARED_SELECTOR = YES;
				GCC_WARN_UNINITIALIZED_AUTOS = YES_AGGRESSIVE;
				GCC_WARN_UNUSED_FUNCTION = YES;
				GCC_WARN_UNUSED_VARIABLE = YES;
				IPHONEOS_DEPLOYMENT_TARGET = 17.0;
				LOCALIZATION_PREFERS_STRING_CATALOGS = YES;
				MTL_ENABLE_DEBUG_INFO = NO;
				MTL_FAST_MATH = YES;
				SDKROOT = iphoneos;
				SWIFT_COMPILATION_MODE = wholemodule;
				VALIDATE_PRODUCT = YES;
			};
			name = Release;
		};
		04CAE1612B4A3BA40065A257 /* Debug */ = {
			isa = XCBuildConfiguration;
			buildSettings = {
				ASSETCATALOG_COMPILER_APPICON_NAME = AppIcon;
				ASSETCATALOG_COMPILER_GLOBAL_ACCENT_COLOR_NAME = AccentColor;
				CODE_SIGN_STYLE = Automatic;
				CURRENT_PROJECT_VERSION = 1;
				DEVELOPMENT_ASSET_PATHS = "\"ECC/Preview Content\"";
				DEVELOPMENT_TEAM = 7KLL75S4S6;
				ENABLE_PREVIEWS = YES;
				GENERATE_INFOPLIST_FILE = YES;
				INFOPLIST_KEY_UIApplicationSceneManifest_Generation = YES;
				INFOPLIST_KEY_UIApplicationSupportsIndirectInputEvents = YES;
				INFOPLIST_KEY_UILaunchScreen_Generation = YES;
				INFOPLIST_KEY_UISupportedInterfaceOrientations_iPad = "UIInterfaceOrientationPortrait UIInterfaceOrientationPortraitUpsideDown UIInterfaceOrientationLandscapeLeft UIInterfaceOrientationLandscapeRight";
				INFOPLIST_KEY_UISupportedInterfaceOrientations_iPhone = "UIInterfaceOrientationPortrait UIInterfaceOrientationLandscapeLeft UIInterfaceOrientationLandscapeRight";
				LD_RUNPATH_SEARCH_PATHS = (
					"$(inherited)",
					"@executable_path/Frameworks",
				);
				MARKETING_VERSION = 1.0;
				PRODUCT_BUNDLE_IDENTIFIER = com.SunKang.ECC;
				PRODUCT_NAME = "$(TARGET_NAME)";
				SWIFT_EMIT_LOC_STRINGS = YES;
				SWIFT_VERSION = 5.0;
				TARGETED_DEVICE_FAMILY = "1,2";
			};
			name = Debug;
		};
		04CAE1622B4A3BA40065A257 /* Release */ = {
			isa = XCBuildConfiguration;
			buildSettings = {
				ASSETCATALOG_COMPILER_APPICON_NAME = AppIcon;
				ASSETCATALOG_COMPILER_GLOBAL_ACCENT_COLOR_NAME = AccentColor;
				CODE_SIGN_STYLE = Automatic;
				CURRENT_PROJECT_VERSION = 1;
				DEVELOPMENT_ASSET_PATHS = "\"ECC/Preview Content\"";
				DEVELOPMENT_TEAM = 7KLL75S4S6;
				ENABLE_PREVIEWS = YES;
				GENERATE_INFOPLIST_FILE = YES;
				INFOPLIST_KEY_UIApplicationSceneManifest_Generation = YES;
				INFOPLIST_KEY_UIApplicationSupportsIndirectInputEvents = YES;
				INFOPLIST_KEY_UILaunchScreen_Generation = YES;
				INFOPLIST_KEY_UISupportedInterfaceOrientations_iPad = "UIInterfaceOrientationPortrait UIInterfaceOrientationPortraitUpsideDown UIInterfaceOrientationLandscapeLeft UIInterfaceOrientationLandscapeRight";
				INFOPLIST_KEY_UISupportedInterfaceOrientations_iPhone = "UIInterfaceOrientationPortrait UIInterfaceOrientationLandscapeLeft UIInterfaceOrientationLandscapeRight";
				LD_RUNPATH_SEARCH_PATHS = (
					"$(inherited)",
					"@executable_path/Frameworks",
				);
				MARKETING_VERSION = 1.0;
				PRODUCT_BUNDLE_IDENTIFIER = com.SunKang.ECC;
				PRODUCT_NAME = "$(TARGET_NAME)";
				SWIFT_EMIT_LOC_STRINGS = YES;
				SWIFT_VERSION = 5.0;
				TARGETED_DEVICE_FAMILY = "1,2";
			};
			name = Release;
		};
/* End XCBuildConfiguration section */

/* Begin XCConfigurationList section */
		04CAE14D2B4A3BA30065A257 /* Build configuration list for PBXProject "ECC" */ = {
			isa = XCConfigurationList;
			buildConfigurations = (
				04CAE15E2B4A3BA40065A257 /* Debug */,
				04CAE15F2B4A3BA40065A257 /* Release */,
			);
			defaultConfigurationIsVisible = 0;
			defaultConfigurationName = Release;
		};
		04CAE1602B4A3BA40065A257 /* Build configuration list for PBXNativeTarget "ECC" */ = {
			isa = XCConfigurationList;
			buildConfigurations = (
				04CAE1612B4A3BA40065A257 /* Debug */,
				04CAE1622B4A3BA40065A257 /* Release */,
			);
			defaultConfigurationIsVisible = 0;
			defaultConfigurationName = Release;
		};
/* End XCConfigurationList section */
	};
	rootObject = 04CAE14A2B4A3BA30065A257 /* Project object */;
}
